
Microsoft Visual Studio Solution File, Format Version 12.00
# Visual Studio Version 16
VisualStudioVersion = 16.0.28803.916
MinimumVisualStudioVersion = 10.0.40219.1
Project("{FAE04EC0-301F-11D3-BF4B-00C04F79EFBC}") = "DailyReport", "DailyReport\DailyReport.csproj", "{14C232D6-4BC8-44B1-AEBF-344C483306F3}"
EndProject
Global
	GlobalSection(SolutionConfigurationPlatforms) = preSolution
		Debug|Any CPU = Debug|Any CPU
		Release|Any CPU = Release|Any CPU
	EndGlobalSection
	GlobalSection(ProjectConfigurationPlatforms) = postSolution
		{14C232D6-4BC8-44B1-AEBF-344C483306F3}.Debug|Any CPU.ActiveCfg = Debug|Any CPU
		{14C232D6-4BC8-44B1-AEBF-344C483306F3}.Debug|Any CPU.Build.0 = Debug|Any CPU
		{14C232D6-4BC8-44B1-AEBF-344C483306F3}.Release|Any CPU.ActiveCfg = Release|Any CPU
		{14C232D6-4BC8-44B1-AEBF-344C483306F3}.Release|Any CPU.Build.0 = Release|Any CPU
	EndGlobalSection
	GlobalSection(SolutionProperties) = preSolution
		HideSolutionNode = FALSE
	EndGlobalSection
	GlobalSection(ExtensibilityGlobals) = postSolution
		SolutionGuid = {700CEBE5-6553-4D22-8BEC-ED73D52FB121}
	EndGlobalSection
EndGlobal
