
Microsoft Visual Studio Solution File, Format Version 12.00
# Visual Studio Version 16
VisualStudioVersion = 16.0.28803.916
MinimumVisualStudioVersion = 10.0.40219.1
Project("{FAE04EC0-301F-11D3-BF4B-00C04F79EFBC}") = "TwentyOne", "TwentyOne\TwentyOne.csproj", "{1901C355-E5B1-4ABE-BB3E-23B034F15977}"
EndProject
Global
	GlobalSection(SolutionConfigurationPlatforms) = preSolution
		Debug|Any CPU = Debug|Any CPU
		Release|Any CPU = Release|Any CPU
	EndGlobalSection
	GlobalSection(ProjectConfigurationPlatforms) = postSolution
		{1901C355-E5B1-4ABE-BB3E-23B034F15977}.Debug|Any CPU.ActiveCfg = Debug|Any CPU
		{1901C355-E5B1-4ABE-BB3E-23B034F15977}.Debug|Any CPU.Build.0 = Debug|Any CPU
		{1901C355-E5B1-4ABE-BB3E-23B034F15977}.Release|Any CPU.ActiveCfg = Release|Any CPU
		{1901C355-E5B1-4ABE-BB3E-23B034F15977}.Release|Any CPU.Build.0 = Release|Any CPU
	EndGlobalSection
	GlobalSection(SolutionProperties) = preSolution
		HideSolutionNode = FALSE
	EndGlobalSection
	GlobalSection(ExtensibilityGlobals) = postSolution
		SolutionGuid = {F87DE509-DCD1-41B5-BCCC-1F0E1385F023}
	EndGlobalSection
EndGlobal
