
Microsoft Visual Studio Solution File, Format Version 12.00
# Visual Studio Version 16
VisualStudioVersion = 16.0.28803.916
MinimumVisualStudioVersion = 10.0.40219.1
Project("{FAE04EC0-301F-11D3-BF4B-00C04F79EFBC}") = "Operators Submission Assignment", "Operators Submission Assignment\Operators Submission Assignment.csproj", "{77776EFC-DF09-4034-9A99-4512CCD8C4B4}"
EndProject
Global
	GlobalSection(SolutionConfigurationPlatforms) = preSolution
		Debug|Any CPU = Debug|Any CPU
		Release|Any CPU = Release|Any CPU
	EndGlobalSection
	GlobalSection(ProjectConfigurationPlatforms) = postSolution
		{77776EFC-DF09-4034-9A99-4512CCD8C4B4}.Debug|Any CPU.ActiveCfg = Debug|Any CPU
		{77776EFC-DF09-4034-9A99-4512CCD8C4B4}.Debug|Any CPU.Build.0 = Debug|Any CPU
		{77776EFC-DF09-4034-9A99-4512CCD8C4B4}.Release|Any CPU.ActiveCfg = Release|Any CPU
		{77776EFC-DF09-4034-9A99-4512CCD8C4B4}.Release|Any CPU.Build.0 = Release|Any CPU
	EndGlobalSection
	GlobalSection(SolutionProperties) = preSolution
		HideSolutionNode = FALSE
	EndGlobalSection
	GlobalSection(ExtensibilityGlobals) = postSolution
		SolutionGuid = {99FABEE2-5916-479F-BAFE-B7F06F190055}
	EndGlobalSection
EndGlobal
