
Microsoft Visual Studio Solution File, Format Version 12.00
# Visual Studio Version 16
VisualStudioVersion = 16.0.28803.916
MinimumVisualStudioVersion = 10.0.40219.1
Project("{FAE04EC0-301F-11D3-BF4B-00C04F79EFBC}") = "CarInsurance", "CarInsurance\CarInsurance.csproj", "{61A814D7-E7FC-4AF9-A4F4-09B0C35A988E}"
EndProject
Global
	GlobalSection(SolutionConfigurationPlatforms) = preSolution
		Debug|Any CPU = Debug|Any CPU
		Release|Any CPU = Release|Any CPU
	EndGlobalSection
	GlobalSection(ProjectConfigurationPlatforms) = postSolution
		{61A814D7-E7FC-4AF9-A4F4-09B0C35A988E}.Debug|Any CPU.ActiveCfg = Debug|Any CPU
		{61A814D7-E7FC-4AF9-A4F4-09B0C35A988E}.Debug|Any CPU.Build.0 = Debug|Any CPU
		{61A814D7-E7FC-4AF9-A4F4-09B0C35A988E}.Release|Any CPU.ActiveCfg = Release|Any CPU
		{61A814D7-E7FC-4AF9-A4F4-09B0C35A988E}.Release|Any CPU.Build.0 = Release|Any CPU
	EndGlobalSection
	GlobalSection(SolutionProperties) = preSolution
		HideSolutionNode = FALSE
	EndGlobalSection
	GlobalSection(ExtensibilityGlobals) = postSolution
		SolutionGuid = {ED773190-5DD0-46E6-8110-0EEF3DE84991}
	EndGlobalSection
EndGlobal
