
Microsoft Visual Studio Solution File, Format Version 12.00
# Visual Studio Version 17
VisualStudioVersion = 17.5.33414.496
MinimumVisualStudioVersion = 10.0.40219.1
Project("{FAE04EC0-301F-11D3-BF4B-00C04F79EFBC}") = "FinalChallenge3", "FinalChallenge3\FinalChallenge3.csproj", "{3487CE14-C421-433F-8489-9D5AFDB56E22}"
EndProject
Global
	GlobalSection(SolutionConfigurationPlatforms) = preSolution
		Debug|Any CPU = Debug|Any CPU
		Release|Any CPU = Release|Any CPU
	EndGlobalSection
	GlobalSection(ProjectConfigurationPlatforms) = postSolution
		{3487CE14-C421-433F-8489-9D5AFDB56E22}.Debug|Any CPU.ActiveCfg = Debug|Any CPU
		{3487CE14-C421-433F-8489-9D5AFDB56E22}.Debug|Any CPU.Build.0 = Debug|Any CPU
		{3487CE14-C421-433F-8489-9D5AFDB56E22}.Release|Any CPU.ActiveCfg = Release|Any CPU
		{3487CE14-C421-433F-8489-9D5AFDB56E22}.Release|Any CPU.Build.0 = Release|Any CPU
	EndGlobalSection
	GlobalSection(SolutionProperties) = preSolution
		HideSolutionNode = FALSE
	EndGlobalSection
	GlobalSection(ExtensibilityGlobals) = postSolution
		SolutionGuid = {6FC049E7-CF79-4AFF-BF7F-D22A42726FB5}
	EndGlobalSection
EndGlobal
