
Microsoft Visual Studio Solution File, Format Version 12.00
# Visual Studio Version 16
VisualStudioVersion = 16.0.28803.916
MinimumVisualStudioVersion = 10.0.40219.1
Project("{FAE04EC0-301F-11D3-BF4B-00C04F79EFBC}") = "ChallengeSubmissionAssignment", "ChallengeSubmissionAssignment\ChallengeSubmissionAssignment.csproj", "{EA391A06-7E03-4758-AF9F-22F3E8463B42}"
EndProject
Global
	GlobalSection(SolutionConfigurationPlatforms) = preSolution
		Debug|Any CPU = Debug|Any CPU
		Release|Any CPU = Release|Any CPU
	EndGlobalSection
	GlobalSection(ProjectConfigurationPlatforms) = postSolution
		{EA391A06-7E03-4758-AF9F-22F3E8463B42}.Debug|Any CPU.ActiveCfg = Debug|Any CPU
		{EA391A06-7E03-4758-AF9F-22F3E8463B42}.Debug|Any CPU.Build.0 = Debug|Any CPU
		{EA391A06-7E03-4758-AF9F-22F3E8463B42}.Release|Any CPU.ActiveCfg = Release|Any CPU
		{EA391A06-7E03-4758-AF9F-22F3E8463B42}.Release|Any CPU.Build.0 = Release|Any CPU
	EndGlobalSection
	GlobalSection(SolutionProperties) = preSolution
		HideSolutionNode = FALSE
	EndGlobalSection
	GlobalSection(ExtensibilityGlobals) = postSolution
		SolutionGuid = {CAABACA4-0C8C-4038-B44C-10693EE6D571}
	EndGlobalSection
EndGlobal
