
Microsoft Visual Studio Solution File, Format Version 12.00
# Visual Studio Version 16
VisualStudioVersion = 16.0.28803.916
MinimumVisualStudioVersion = 10.0.40219.1
Project("{FAE04EC0-301F-11D3-BF4B-00C04F79EFBC}") = "Method Class Submission Assignment", "Method Class Submission Assignment\Method Class Submission Assignment.csproj", "{BF8885D8-86DF-4AC2-AF9F-092481C6464D}"
EndProject
Global
	GlobalSection(SolutionConfigurationPlatforms) = preSolution
		Debug|Any CPU = Debug|Any CPU
		Release|Any CPU = Release|Any CPU
	EndGlobalSection
	GlobalSection(ProjectConfigurationPlatforms) = postSolution
		{BF8885D8-86DF-4AC2-AF9F-092481C6464D}.Debug|Any CPU.ActiveCfg = Debug|Any CPU
		{BF8885D8-86DF-4AC2-AF9F-092481C6464D}.Debug|Any CPU.Build.0 = Debug|Any CPU
		{BF8885D8-86DF-4AC2-AF9F-092481C6464D}.Release|Any CPU.ActiveCfg = Release|Any CPU
		{BF8885D8-86DF-4AC2-AF9F-092481C6464D}.Release|Any CPU.Build.0 = Release|Any CPU
	EndGlobalSection
	GlobalSection(SolutionProperties) = preSolution
		HideSolutionNode = FALSE
	EndGlobalSection
	GlobalSection(ExtensibilityGlobals) = postSolution
		SolutionGuid = {D52779AC-A09D-41E7-BE0B-CDB21CB4F1A4}
	EndGlobalSection
EndGlobal
