
Microsoft Visual Studio Solution File, Format Version 12.00
# Visual Studio Version 16
VisualStudioVersion = 16.0.28803.916
MinimumVisualStudioVersion = 10.0.40219.1
Project("{FAE04EC0-301F-11D3-BF4B-00C04F79EFBC}") = "Class Submission Assignment", "Class Submission Assignment\Class Submission Assignment.csproj", "{6FED4D6A-C37F-4F29-9C99-B52823B26A86}"
EndProject
Global
	GlobalSection(SolutionConfigurationPlatforms) = preSolution
		Debug|Any CPU = Debug|Any CPU
		Release|Any CPU = Release|Any CPU
	EndGlobalSection
	GlobalSection(ProjectConfigurationPlatforms) = postSolution
		{6FED4D6A-C37F-4F29-9C99-B52823B26A86}.Debug|Any CPU.ActiveCfg = Debug|Any CPU
		{6FED4D6A-C37F-4F29-9C99-B52823B26A86}.Debug|Any CPU.Build.0 = Debug|Any CPU
		{6FED4D6A-C37F-4F29-9C99-B52823B26A86}.Release|Any CPU.ActiveCfg = Release|Any CPU
		{6FED4D6A-C37F-4F29-9C99-B52823B26A86}.Release|Any CPU.Build.0 = Release|Any CPU
	EndGlobalSection
	GlobalSection(SolutionProperties) = preSolution
		HideSolutionNode = FALSE
	EndGlobalSection
	GlobalSection(ExtensibilityGlobals) = postSolution
		SolutionGuid = {B925CF71-0451-4461-AECB-C9E03567F534}
	EndGlobalSection
EndGlobal
