
Microsoft Visual Studio Solution File, Format Version 12.00
# Visual Studio Version 16
VisualStudioVersion = 16.0.28803.916
MinimumVisualStudioVersion = 10.0.40219.1
Project("{FAE04EC0-301F-11D3-BF4B-00C04F79EFBC}") = "accountingProject", "accountingProject\accountingProject.csproj", "{7867CFD9-BD70-4D43-B763-9E3F680A75D5}"
EndProject
Global
	GlobalSection(SolutionConfigurationPlatforms) = preSolution
		Debug|Any CPU = Debug|Any CPU
		Release|Any CPU = Release|Any CPU
	EndGlobalSection
	GlobalSection(ProjectConfigurationPlatforms) = postSolution
		{7867CFD9-BD70-4D43-B763-9E3F680A75D5}.Debug|Any CPU.ActiveCfg = Debug|Any CPU
		{7867CFD9-BD70-4D43-B763-9E3F680A75D5}.Debug|Any CPU.Build.0 = Debug|Any CPU
		{7867CFD9-BD70-4D43-B763-9E3F680A75D5}.Release|Any CPU.ActiveCfg = Release|Any CPU
		{7867CFD9-BD70-4D43-B763-9E3F680A75D5}.Release|Any CPU.Build.0 = Release|Any CPU
	EndGlobalSection
	GlobalSection(SolutionProperties) = preSolution
		HideSolutionNode = FALSE
	EndGlobalSection
	GlobalSection(ExtensibilityGlobals) = postSolution
		SolutionGuid = {527F412D-38E5-4C89-B61C-7E9F2D03D05A}
	EndGlobalSection
EndGlobal
